
Microsoft Visual Studio Solution File, Format Version 12.00
# Visual Studio Version 16
VisualStudioVersion = 16.0.30503.244
MinimumVisualStudioVersion = 10.0.40219.1
Project("{FAE04EC0-301F-11D3-BF4B-00C04F79EFBC}") = "Chat", "Chat\Chat.csproj", "{4FFA7696-819D-4D84-ABD9-EF6355377FE9}"
EndProject
Global
	GlobalSection(SolutionConfigurationPlatforms) = preSolution
		Debug|Any CPU = Debug|Any CPU
		Release|Any CPU = Release|Any CPU
	EndGlobalSection
	GlobalSection(ProjectConfigurationPlatforms) = postSolution
		{4FFA7696-819D-4D84-ABD9-EF6355377FE9}.Debug|Any CPU.ActiveCfg = Debug|Any CPU
		{4FFA7696-819D-4D84-ABD9-EF6355377FE9}.Debug|Any CPU.Build.0 = Debug|Any CPU
		{4FFA7696-819D-4D84-ABD9-EF6355377FE9}.Release|Any CPU.ActiveCfg = Release|Any CPU
		{4FFA7696-819D-4D84-ABD9-EF6355377FE9}.Release|Any CPU.Build.0 = Release|Any CPU
	EndGlobalSection
	GlobalSection(SolutionProperties) = preSolution
		HideSolutionNode = FALSE
	EndGlobalSection
	GlobalSection(ExtensibilityGlobals) = postSolution
		SolutionGuid = {CD57F903-EA77-44D7-B955-75A05D340AD0}
	EndGlobalSection
EndGlobal
